
Microsoft Visual Studio Solution File, Format Version 12.00
# Visual Studio Version 17
VisualStudioVersion = 17.5.33627.172
MinimumVisualStudioVersion = 10.0.40219.1
Project("{FAE04EC0-301F-11D3-BF4B-00C04F79EFBC}") = "nutripuc", "nutripuc\nutripuc.csproj", "{420B13B7-E68A-446F-9698-75AA2856CF0B}"
EndProject
Global
	GlobalSection(SolutionConfigurationPlatforms) = preSolution
		Debug|Any CPU = Debug|Any CPU
		Release|Any CPU = Release|Any CPU
	EndGlobalSection
	GlobalSection(ProjectConfigurationPlatforms) = postSolution
		{420B13B7-E68A-446F-9698-75AA2856CF0B}.Debug|Any CPU.ActiveCfg = Debug|Any CPU
		{420B13B7-E68A-446F-9698-75AA2856CF0B}.Debug|Any CPU.Build.0 = Debug|Any CPU
		{420B13B7-E68A-446F-9698-75AA2856CF0B}.Release|Any CPU.ActiveCfg = Release|Any CPU
		{420B13B7-E68A-446F-9698-75AA2856CF0B}.Release|Any CPU.Build.0 = Release|Any CPU
	EndGlobalSection
	GlobalSection(SolutionProperties) = preSolution
		HideSolutionNode = FALSE
	EndGlobalSection
	GlobalSection(ExtensibilityGlobals) = postSolution
		SolutionGuid = {364F2462-9622-4011-BCC6-53A266C4B4A6}
	EndGlobalSection
EndGlobal
